
Microsoft Visual Studio Solution File, Format Version 12.00
# Visual Studio Version 16
VisualStudioVersion = 16.0.31105.61
MinimumVisualStudioVersion = 10.0.40219.1
Project("{FAE04EC0-301F-11D3-BF4B-00C04F79EFBC}") = "VaraAPIApp", "VaraAPIApp\VaraAPIApp.csproj", "{EB482FEC-E009-491D-97F6-142E9C7CCF43}"
EndProject
Global
	GlobalSection(SolutionConfigurationPlatforms) = preSolution
		Debug|Any CPU = Debug|Any CPU
		Release|Any CPU = Release|Any CPU
	EndGlobalSection
	GlobalSection(ProjectConfigurationPlatforms) = postSolution
		{EB482FEC-E009-491D-97F6-142E9C7CCF43}.Debug|Any CPU.ActiveCfg = Debug|Any CPU
		{EB482FEC-E009-491D-97F6-142E9C7CCF43}.Debug|Any CPU.Build.0 = Debug|Any CPU
		{EB482FEC-E009-491D-97F6-142E9C7CCF43}.Release|Any CPU.ActiveCfg = Release|Any CPU
		{EB482FEC-E009-491D-97F6-142E9C7CCF43}.Release|Any CPU.Build.0 = Release|Any CPU
	EndGlobalSection
	GlobalSection(SolutionProperties) = preSolution
		HideSolutionNode = FALSE
	EndGlobalSection
	GlobalSection(ExtensibilityGlobals) = postSolution
		SolutionGuid = {E2566FB3-5FBB-4F8D-AE51-66A503159FBA}
	EndGlobalSection
EndGlobal
